
Microsoft Visual Studio Solution File, Format Version 12.00
# Visual Studio Version 17
VisualStudioVersion = 17.8.34511.84
MinimumVisualStudioVersion = 10.0.40219.1
Project("{FAE04EC0-301F-11D3-BF4B-00C04F79EFBC}") = "ZADANIE 2", "ZADANIE 2\ZADANIE 2.csproj", "{1369EB8B-5562-4EFB-A69A-0A3552496DB8}"
EndProject
Global
	GlobalSection(SolutionConfigurationPlatforms) = preSolution
		Debug|Any CPU = Debug|Any CPU
		Release|Any CPU = Release|Any CPU
	EndGlobalSection
	GlobalSection(ProjectConfigurationPlatforms) = postSolution
		{1369EB8B-5562-4EFB-A69A-0A3552496DB8}.Debug|Any CPU.ActiveCfg = Debug|Any CPU
		{1369EB8B-5562-4EFB-A69A-0A3552496DB8}.Debug|Any CPU.Build.0 = Debug|Any CPU
		{1369EB8B-5562-4EFB-A69A-0A3552496DB8}.Release|Any CPU.ActiveCfg = Release|Any CPU
		{1369EB8B-5562-4EFB-A69A-0A3552496DB8}.Release|Any CPU.Build.0 = Release|Any CPU
	EndGlobalSection
	GlobalSection(SolutionProperties) = preSolution
		HideSolutionNode = FALSE
	EndGlobalSection
	GlobalSection(ExtensibilityGlobals) = postSolution
		SolutionGuid = {4E97BC7C-685F-4FF9-9350-7867299C58F5}
	EndGlobalSection
EndGlobal
